
Microsoft Visual Studio Solution File, Format Version 12.00
# Visual Studio 15
VisualStudioVersion = 15.0.27130.2010
MinimumVisualStudioVersion = 10.0.40219.1
Project("{FAE04EC0-301F-11D3-BF4B-00C04F79EFBC}") = "HeroPicker", "HeroPicker\HeroPicker.csproj", "{7460D0FB-2147-400E-833C-7BB407908E1D}"
EndProject
Global
	GlobalSection(SolutionConfigurationPlatforms) = preSolution
		Debug|Any CPU = Debug|Any CPU
		Release|Any CPU = Release|Any CPU
	EndGlobalSection
	GlobalSection(ProjectConfigurationPlatforms) = postSolution
		{7460D0FB-2147-400E-833C-7BB407908E1D}.Debug|Any CPU.ActiveCfg = Debug|Any CPU
		{7460D0FB-2147-400E-833C-7BB407908E1D}.Debug|Any CPU.Build.0 = Debug|Any CPU
		{7460D0FB-2147-400E-833C-7BB407908E1D}.Release|Any CPU.ActiveCfg = Release|Any CPU
		{7460D0FB-2147-400E-833C-7BB407908E1D}.Release|Any CPU.Build.0 = Release|Any CPU
	EndGlobalSection
	GlobalSection(SolutionProperties) = preSolution
		HideSolutionNode = FALSE
	EndGlobalSection
	GlobalSection(ExtensibilityGlobals) = postSolution
		SolutionGuid = {CB681AE9-C905-455A-9007-B6C8B262BB17}
	EndGlobalSection
EndGlobal
